
Microsoft Visual Studio Solution File, Format Version 12.00
# Visual Studio 15
VisualStudioVersion = 15.0.27428.2015
MinimumVisualStudioVersion = 10.0.40219.1
Project("{FAE04EC0-301F-11D3-BF4B-00C04F79EFBC}") = "PaymentGateway.CommandLine", "PaymentGateway.CommandLine\PaymentGateway.CommandLine.csproj", "{613B765A-D3F7-4210-8A26-7CEB161FB076}"
EndProject
Project("{FAE04EC0-301F-11D3-BF4B-00C04F79EFBC}") = "PaymentGateway.Model", "PaymentGateway.Model\PaymentGateway.Model.csproj", "{E875D231-586C-41DF-B9D4-71574C34FE2B}"
EndProject
Project("{FAE04EC0-301F-11D3-BF4B-00C04F79EFBC}") = "PaymentGateway.Test", "PaymentGateway.Test\PaymentGateway.Test.csproj", "{C63816E6-B25A-434B-8288-5F767FBD0A23}"
EndProject
Global
	GlobalSection(SolutionConfigurationPlatforms) = preSolution
		Debug|Any CPU = Debug|Any CPU
		Release|Any CPU = Release|Any CPU
	EndGlobalSection
	GlobalSection(ProjectConfigurationPlatforms) = postSolution
		{613B765A-D3F7-4210-8A26-7CEB161FB076}.Debug|Any CPU.ActiveCfg = Debug|Any CPU
		{613B765A-D3F7-4210-8A26-7CEB161FB076}.Debug|Any CPU.Build.0 = Debug|Any CPU
		{613B765A-D3F7-4210-8A26-7CEB161FB076}.Release|Any CPU.ActiveCfg = Release|Any CPU
		{613B765A-D3F7-4210-8A26-7CEB161FB076}.Release|Any CPU.Build.0 = Release|Any CPU
		{E875D231-586C-41DF-B9D4-71574C34FE2B}.Debug|Any CPU.ActiveCfg = Debug|Any CPU
		{E875D231-586C-41DF-B9D4-71574C34FE2B}.Debug|Any CPU.Build.0 = Debug|Any CPU
		{E875D231-586C-41DF-B9D4-71574C34FE2B}.Release|Any CPU.ActiveCfg = Release|Any CPU
		{E875D231-586C-41DF-B9D4-71574C34FE2B}.Release|Any CPU.Build.0 = Release|Any CPU
		{C63816E6-B25A-434B-8288-5F767FBD0A23}.Debug|Any CPU.ActiveCfg = Debug|Any CPU
		{C63816E6-B25A-434B-8288-5F767FBD0A23}.Debug|Any CPU.Build.0 = Debug|Any CPU
		{C63816E6-B25A-434B-8288-5F767FBD0A23}.Release|Any CPU.ActiveCfg = Release|Any CPU
		{C63816E6-B25A-434B-8288-5F767FBD0A23}.Release|Any CPU.Build.0 = Release|Any CPU
	EndGlobalSection
	GlobalSection(SolutionProperties) = preSolution
		HideSolutionNode = FALSE
	EndGlobalSection
	GlobalSection(ExtensibilityGlobals) = postSolution
		SolutionGuid = {9B211CC6-1955-4BC7-8A8E-DE0ABB0E6334}
	EndGlobalSection
EndGlobal
